
Microsoft Visual Studio Solution File, Format Version 12.00
# Visual Studio Version 17
VisualStudioVersion = 17.0.32112.339
MinimumVisualStudioVersion = 10.0.40219.1
Project("{9A19103F-16F7-4668-BE54-9A1E7A4F7556}") = "WildcardConfigurationProvider", "WildcardConfigurationProvider\WildcardConfigurationProvider.csproj", "{172C61F0-340F-4891-B552-7C07AAE9D0E8}"
EndProject
Project("{9A19103F-16F7-4668-BE54-9A1E7A4F7556}") = "WildcardConfigurationProvider.Tests", "WildcardConfigurationProvider.Tests\WildcardConfigurationProvider.Tests.csproj", "{3384ADAF-351F-418E-999A-EDD602AC0279}"
EndProject
Global
	GlobalSection(SolutionConfigurationPlatforms) = preSolution
		Debug|Any CPU = Debug|Any CPU
		Release|Any CPU = Release|Any CPU
	EndGlobalSection
	GlobalSection(ProjectConfigurationPlatforms) = postSolution
		{172C61F0-340F-4891-B552-7C07AAE9D0E8}.Debug|Any CPU.ActiveCfg = Debug|Any CPU
		{172C61F0-340F-4891-B552-7C07AAE9D0E8}.Debug|Any CPU.Build.0 = Debug|Any CPU
		{172C61F0-340F-4891-B552-7C07AAE9D0E8}.Release|Any CPU.ActiveCfg = Release|Any CPU
		{172C61F0-340F-4891-B552-7C07AAE9D0E8}.Release|Any CPU.Build.0 = Release|Any CPU
		{3384ADAF-351F-418E-999A-EDD602AC0279}.Debug|Any CPU.ActiveCfg = Debug|Any CPU
		{3384ADAF-351F-418E-999A-EDD602AC0279}.Debug|Any CPU.Build.0 = Debug|Any CPU
		{3384ADAF-351F-418E-999A-EDD602AC0279}.Release|Any CPU.ActiveCfg = Release|Any CPU
		{3384ADAF-351F-418E-999A-EDD602AC0279}.Release|Any CPU.Build.0 = Release|Any CPU
	EndGlobalSection
	GlobalSection(SolutionProperties) = preSolution
		HideSolutionNode = FALSE
	EndGlobalSection
	GlobalSection(ExtensibilityGlobals) = postSolution
		SolutionGuid = {21ABA925-0B2A-4CD8-8EFC-DFE107D8566B}
	EndGlobalSection
EndGlobal
